
Microsoft Visual Studio Solution File, Format Version 12.00
# Visual Studio Express 2012 for Windows Desktop
Project("{FAE04EC0-301F-11D3-BF4B-00C04F79EFBC}") = "classtest", "classtest\classtest.csproj", "{9EE2A529-8C05-4C14-853D-164A131BD067}"
EndProject
Project("{FAE04EC0-301F-11D3-BF4B-00C04F79EFBC}") = "Common", "DataBaseAccess\Common.csproj", "{727EEC0B-BEB2-472B-A3A2-AC43A43BF39A}"
EndProject
Global
	GlobalSection(SolutionConfigurationPlatforms) = preSolution
		Debug|Any CPU = Debug|Any CPU
		Release|Any CPU = Release|Any CPU
	EndGlobalSection
	GlobalSection(ProjectConfigurationPlatforms) = postSolution
		{9EE2A529-8C05-4C14-853D-164A131BD067}.Debug|Any CPU.ActiveCfg = Debug|Any CPU
		{9EE2A529-8C05-4C14-853D-164A131BD067}.Debug|Any CPU.Build.0 = Debug|Any CPU
		{9EE2A529-8C05-4C14-853D-164A131BD067}.Release|Any CPU.ActiveCfg = Release|Any CPU
		{9EE2A529-8C05-4C14-853D-164A131BD067}.Release|Any CPU.Build.0 = Release|Any CPU
		{727EEC0B-BEB2-472B-A3A2-AC43A43BF39A}.Debug|Any CPU.ActiveCfg = Debug|Any CPU
		{727EEC0B-BEB2-472B-A3A2-AC43A43BF39A}.Debug|Any CPU.Build.0 = Debug|Any CPU
		{727EEC0B-BEB2-472B-A3A2-AC43A43BF39A}.Release|Any CPU.ActiveCfg = Release|Any CPU
		{727EEC0B-BEB2-472B-A3A2-AC43A43BF39A}.Release|Any CPU.Build.0 = Release|Any CPU
	EndGlobalSection
	GlobalSection(SolutionProperties) = preSolution
		HideSolutionNode = FALSE
	EndGlobalSection
EndGlobal
